
Microsoft Visual Studio Solution File, Format Version 12.00
# Visual Studio Version 17
VisualStudioVersion = 17.8.34511.84
MinimumVisualStudioVersion = 10.0.40219.1
Project("{FAE04EC0-301F-11D3-BF4B-00C04F79EFBC}") = "NameGenerator", "NameGenerator\NameGenerator.csproj", "{BE9BF8D1-B292-44CA-9C8B-E3DDF65F6EDF}"
EndProject
Global
	GlobalSection(SolutionConfigurationPlatforms) = preSolution
		Debug|Any CPU = Debug|Any CPU
		Release|Any CPU = Release|Any CPU
	EndGlobalSection
	GlobalSection(ProjectConfigurationPlatforms) = postSolution
		{BE9BF8D1-B292-44CA-9C8B-E3DDF65F6EDF}.Debug|Any CPU.ActiveCfg = Debug|Any CPU
		{BE9BF8D1-B292-44CA-9C8B-E3DDF65F6EDF}.Debug|Any CPU.Build.0 = Debug|Any CPU
		{BE9BF8D1-B292-44CA-9C8B-E3DDF65F6EDF}.Release|Any CPU.ActiveCfg = Release|Any CPU
		{BE9BF8D1-B292-44CA-9C8B-E3DDF65F6EDF}.Release|Any CPU.Build.0 = Release|Any CPU
	EndGlobalSection
	GlobalSection(SolutionProperties) = preSolution
		HideSolutionNode = FALSE
	EndGlobalSection
	GlobalSection(ExtensibilityGlobals) = postSolution
		SolutionGuid = {85E9843E-65FC-4AD2-9684-66A9DC68F97E}
	EndGlobalSection
EndGlobal
